
Microsoft Visual Studio Solution File, Format Version 12.00
# Visual Studio Version 17
VisualStudioVersion = 17.0.31314.256
MinimumVisualStudioVersion = 10.0.40219.1
Project("{2150E333-8FDC-42A3-9474-1A3956D46DE8}") = "Automation", "Automation", "{0BFBE63A-B98A-3411-8EEB-8918FEC737B3}"
EndProject
Project("{2150E333-8FDC-42A3-9474-1A3956D46DE8}") = "Engine", "Engine", "{233774A8-CC9D-3FA9-86D1-90573E92B704}"
EndProject
Project("{2150E333-8FDC-42A3-9474-1A3956D46DE8}") = "Games", "Games", "{DE1F8B53-6C02-3C13-9101-A7C8D96F3FF6}"
EndProject
Project("{2150E333-8FDC-42A3-9474-1A3956D46DE8}") = "Programs", "Programs", "{A338B9E2-A559-34BE-A46D-F789DD488FAD}"
EndProject
Project("{2150E333-8FDC-42A3-9474-1A3956D46DE8}") = "Rules", "Rules", "{C2F57ECE-B26F-39D8-BDA7-C1D40BD8F180}"
EndProject
Project("{2150E333-8FDC-42A3-9474-1A3956D46DE8}") = "Shared", "Shared", "{57713676-9DBE-331C-AD10-26632AC9EE0C}"
EndProject
Project("{2150E333-8FDC-42A3-9474-1A3956D46DE8}") = "UnrealBuildTool.Plugins", "UnrealBuildTool.Plugins", "{7B5CFB44-F0FB-31DF-AE62-C3C096A29A7B}"
EndProject
Project("{8BC9CEB8-8B4A-11D0-8D11-00A0C91BC942}") = "LabWork4", "Intermediate\ProjectFiles\LabWork4.vcxproj", "{24BEE783-5FFB-3D03-8DB9-69B2D44AC5E5}"
	ProjectSection(ProjectDependencies) = postProject
		{50F2D15E-3B1A-30D2-BEFB-419B11C4C02F} = {50F2D15E-3B1A-30D2-BEFB-419B11C4C02F}
	EndProjectSection
EndProject
Project("{8BC9CEB8-8B4A-11D0-8D11-00A0C91BC942}") = "UE5", "Intermediate\ProjectFiles\UE5.vcxproj", "{0FEA6124-598D-3CD3-9722-142DAA538A17}"
EndProject
Project("{FAE04EC0-301F-11D3-BF4B-00C04F79EFBC}") = "UnrealBuildTool", "..\..\..\Unreal Engine Versions\UE_5.3\Engine\Source\Programs\UnrealBuildTool\UnrealBuildTool.csproj", "{50F2D15E-3B1A-30D2-BEFB-419B11C4C02F}"
EndProject
Project("{FAE04EC0-301F-11D3-BF4B-00C04F79EFBC}") = "AutomationTool", "..\..\..\Unreal Engine Versions\UE_5.3\Engine\Source\Programs\AutomationTool\AutomationTool.csproj", "{32C60034-2EB6-3DDE-A2E6-43FC8B21E63C}"
EndProject
Project("{FAE04EC0-301F-11D3-BF4B-00C04F79EFBC}") = "Android.Automation", "..\..\..\Unreal Engine Versions\UE_5.3\Engine\Source\Programs\AutomationTool\Android\Android.Automation.csproj", "{9D96057D-24FA-3293-8047-B5B1E018E8C0}"
EndProject
Project("{FAE04EC0-301F-11D3-BF4B-00C04F79EFBC}") = "Apple.Automation", "..\..\..\Unreal Engine Versions\UE_5.3\Engine\Source\Programs\AutomationTool\Apple\Apple.Automation.csproj", "{E76B1AF2-A797-394A-B3F6-BAC7DD4A6D90}"
EndProject
Project("{FAE04EC0-301F-11D3-BF4B-00C04F79EFBC}") = "AutomationUtils.Automation", "..\..\..\Unreal Engine Versions\UE_5.3\Engine\Source\Programs\AutomationTool\AutomationUtils\AutomationUtils.Automation.csproj", "{69673551-BEF3-3E0B-BC1D-15FA1AD4B917}"
EndProject
Project("{FAE04EC0-301F-11D3-BF4B-00C04F79EFBC}") = "BuildGraph.Automation", "..\..\..\Unreal Engine Versions\UE_5.3\Engine\Source\Programs\AutomationTool\BuildGraph\BuildGraph.Automation.csproj", "{96485537-C99F-397D-A3CD-075645CDA457}"
EndProject
Project("{FAE04EC0-301F-11D3-BF4B-00C04F79EFBC}") = "CookedEditor.Automation", "..\..\..\Unreal Engine Versions\UE_5.3\Engine\Source\Programs\AutomationTool\CookedEditor\CookedEditor.Automation.csproj", "{180F1A9D-6A23-3549-B8BB-9EE4406FE264}"
EndProject
Project("{FAE04EC0-301F-11D3-BF4B-00C04F79EFBC}") = "CrowdinLocalization.Automation", "..\..\..\Unreal Engine Versions\UE_5.3\Engine\Source\Programs\AutomationTool\CrowdinLocalization\CrowdinLocalization.Automation.csproj", "{EEDAF02E-D977-3B68-A3F9-5726F0A32E82}"
EndProject
Project("{FAE04EC0-301F-11D3-BF4B-00C04F79EFBC}") = "Gauntlet.Automation", "..\..\..\Unreal Engine Versions\UE_5.3\Engine\Source\Programs\AutomationTool\Gauntlet\Gauntlet.Automation.csproj", "{86AC0637-1126-363E-9632-60F4333D4436}"
EndProject
Project("{FAE04EC0-301F-11D3-BF4B-00C04F79EFBC}") = "IOS.Automation", "..\..\..\Unreal Engine Versions\UE_5.3\Engine\Source\Programs\AutomationTool\IOS\IOS.Automation.csproj", "{9FC762A8-44FE-3802-A35C-8B4C986C0FFB}"
EndProject
Project("{FAE04EC0-301F-11D3-BF4B-00C04F79EFBC}") = "Linux.Automation", "..\..\..\Unreal Engine Versions\UE_5.3\Engine\Source\Programs\AutomationTool\Linux\Linux.Automation.csproj", "{623E69D2-B368-3435-80FD-27074487677B}"
EndProject
Project("{FAE04EC0-301F-11D3-BF4B-00C04F79EFBC}") = "Localization.Automation", "..\..\..\Unreal Engine Versions\UE_5.3\Engine\Source\Programs\AutomationTool\Localization\Localization.Automation.csproj", "{511079E9-6985-390B-BE1A-30094055A117}"
EndProject
Project("{FAE04EC0-301F-11D3-BF4B-00C04F79EFBC}") = "LowLevelTests.Automation", "..\..\..\Unreal Engine Versions\UE_5.3\Engine\Source\Programs\AutomationTool\LowLevelTests\LowLevelTests.Automation.csproj", "{E9CA85D5-C54F-30C7-B0F4-278254A69AE4}"
EndProject
Project("{FAE04EC0-301F-11D3-BF4B-00C04F79EFBC}") = "Mac.Automation", "..\..\..\Unreal Engine Versions\UE_5.3\Engine\Source\Programs\AutomationTool\Mac\Mac.Automation.csproj", "{98EEF26A-73C9-3AFD-92DE-EADDD775E349}"
EndProject
Project("{FAE04EC0-301F-11D3-BF4B-00C04F79EFBC}") = "OneSkyLocalization.Automation", "..\..\..\Unreal Engine Versions\UE_5.3\Engine\Source\Programs\AutomationTool\OneSkyLocalization\OneSkyLocalization.Automation.csproj", "{5177BCFB-200F-3373-85B0-69AEBC051684}"
EndProject
Project("{FAE04EC0-301F-11D3-BF4B-00C04F79EFBC}") = "AutomationScripts.Automation", "..\..\..\Unreal Engine Versions\UE_5.3\Engine\Source\Programs\AutomationTool\Scripts\AutomationScripts.Automation.csproj", "{BE0A287B-E6EA-3C90-B83C-6D1F1B236B7C}"
EndProject
Project("{FAE04EC0-301F-11D3-BF4B-00C04F79EFBC}") = "SmartlingLocalization.Automation", "..\..\..\Unreal Engine Versions\UE_5.3\Engine\Source\Programs\AutomationTool\SmartlingLocalization\SmartlingLocalization.Automation.csproj", "{141329B1-4C46-325B-AF76-C90CEF9B15E0}"
EndProject
Project("{FAE04EC0-301F-11D3-BF4B-00C04F79EFBC}") = "SteamDeck.Automation", "..\..\..\Unreal Engine Versions\UE_5.3\Engine\Source\Programs\AutomationTool\SteamDeck\SteamDeck.Automation.csproj", "{438B26DA-44B3-319A-9A4B-BB3CF831F8F4}"
EndProject
Project("{FAE04EC0-301F-11D3-BF4B-00C04F79EFBC}") = "TVOS.Automation", "..\..\..\Unreal Engine Versions\UE_5.3\Engine\Source\Programs\AutomationTool\TVOS\TVOS.Automation.csproj", "{FA279700-A200-352A-92B9-EB56601EECA9}"
EndProject
Project("{FAE04EC0-301F-11D3-BF4B-00C04F79EFBC}") = "Turnkey.Automation", "..\..\..\Unreal Engine Versions\UE_5.3\Engine\Source\Programs\AutomationTool\Turnkey\Turnkey.Automation.csproj", "{001E78EC-C645-3743-B577-D373FF196D12}"
EndProject
Project("{FAE04EC0-301F-11D3-BF4B-00C04F79EFBC}") = "Win.Automation", "..\..\..\Unreal Engine Versions\UE_5.3\Engine\Source\Programs\AutomationTool\Win\Win.Automation.csproj", "{3936E2D7-3B09-3929-A1A6-6C8C689144AD}"
EndProject
Project("{FAE04EC0-301F-11D3-BF4B-00C04F79EFBC}") = "XLocLocalization.Automation", "..\..\..\Unreal Engine Versions\UE_5.3\Engine\Source\Programs\AutomationTool\XLocLocalization\XLocLocalization.Automation.csproj", "{F1A3A8BC-D5FC-3A77-9753-56E3216DB585}"
EndProject
Project("{FAE04EC0-301F-11D3-BF4B-00C04F79EFBC}") = "ScriptGeneratorUbtPlugin.ubtplugin", "..\..\..\Unreal Engine Versions\UE_5.3\Engine\Plugins\ScriptPlugin\Source\ScriptGeneratorUbtPlugin\ScriptGeneratorUbtPlugin.ubtplugin.csproj", "{51668A72-0D88-30AE-ADCD-F449962120CC}"
EndProject
Project("{FAE04EC0-301F-11D3-BF4B-00C04F79EFBC}") = "EpicGames.AspNet", "..\..\..\Unreal Engine Versions\UE_5.3\Engine\Source\Programs\Shared\EpicGames.AspNet\EpicGames.AspNet.csproj", "{61FE437D-4DEC-30FB-AFFB-3F32105AA67B}"
EndProject
Project("{FAE04EC0-301F-11D3-BF4B-00C04F79EFBC}") = "EpicGames.Box", "..\..\..\Unreal Engine Versions\UE_5.3\Engine\Source\Programs\Shared\EpicGames.Box\EpicGames.Box.csproj", "{5516CDD4-9866-31B2-9C91-BE55CF3B5886}"
EndProject
Project("{FAE04EC0-301F-11D3-BF4B-00C04F79EFBC}") = "EpicGames.Build", "..\..\..\Unreal Engine Versions\UE_5.3\Engine\Source\Programs\Shared\EpicGames.Build\EpicGames.Build.csproj", "{EDBB15A2-4E03-3545-9E18-9098D947237C}"
EndProject
Project("{FAE04EC0-301F-11D3-BF4B-00C04F79EFBC}") = "EpicGames.BuildGraph", "..\..\..\Unreal Engine Versions\UE_5.3\Engine\Source\Programs\Shared\EpicGames.BuildGraph\EpicGames.BuildGraph.csproj", "{6BD74DA2-6A5B-3338-9086-071D1FE1F184}"
EndProject
Project("{FAE04EC0-301F-11D3-BF4B-00C04F79EFBC}") = "EpicGames.Core", "..\..\..\Unreal Engine Versions\UE_5.3\Engine\Source\Programs\Shared\EpicGames.Core\EpicGames.Core.csproj", "{6190424D-0D88-36DD-AB27-49D1CE653E81}"
EndProject
Project("{FAE04EC0-301F-11D3-BF4B-00C04F79EFBC}") = "EpicGames.Horde", "..\..\..\Unreal Engine Versions\UE_5.3\Engine\Source\Programs\Shared\EpicGames.Horde\EpicGames.Horde.csproj", "{F2CFBF96-D9BB-3FB6-8A2C-6FA25F3F5926}"
EndProject
Project("{FAE04EC0-301F-11D3-BF4B-00C04F79EFBC}") = "EpicGames.IoHash", "..\..\..\Unreal Engine Versions\UE_5.3\Engine\Source\Programs\Shared\EpicGames.IoHash\EpicGames.IoHash.csproj", "{859718C4-98FD-3735-8A3F-0D4E10584362}"
EndProject
Project("{FAE04EC0-301F-11D3-BF4B-00C04F79EFBC}") = "EpicGames.Jupiter", "..\..\..\Unreal Engine Versions\UE_5.3\Engine\Source\Programs\Shared\EpicGames.Jupiter\EpicGames.Jupiter.csproj", "{1CEDA114-30BD-3D59-AEDB-AFAD10F849DA}"
EndProject
Project("{FAE04EC0-301F-11D3-BF4B-00C04F79EFBC}") = "EpicGames.MongoDB", "..\..\..\Unreal Engine Versions\UE_5.3\Engine\Source\Programs\Shared\EpicGames.MongoDB\EpicGames.MongoDB.csproj", "{9EBD4638-1AF4-3993-B0BD-8B6D34CC2A58}"
EndProject
Project("{FAE04EC0-301F-11D3-BF4B-00C04F79EFBC}") = "EpicGames.MsBuild", "..\..\..\Unreal Engine Versions\UE_5.3\Engine\Source\Programs\Shared\EpicGames.MsBuild\EpicGames.MsBuild.csproj", "{D848A4AC-6816-360D-8B1D-2DEB728E62E9}"
EndProject
Project("{FAE04EC0-301F-11D3-BF4B-00C04F79EFBC}") = "EpicGames.OIDC", "..\..\..\Unreal Engine Versions\UE_5.3\Engine\Source\Programs\Shared\EpicGames.OIDC\EpicGames.OIDC.csproj", "{BA536C7D-5929-3D8F-AF15-A7F398662C51}"
EndProject
Project("{FAE04EC0-301F-11D3-BF4B-00C04F79EFBC}") = "EpicGames.Oodle", "..\..\..\Unreal Engine Versions\UE_5.3\Engine\Source\Programs\Shared\EpicGames.Oodle\EpicGames.Oodle.csproj", "{01F24246-DA8C-33C8-ABDE-588CEEF118BA}"
EndProject
Project("{FAE04EC0-301F-11D3-BF4B-00C04F79EFBC}") = "EpicGames.Perforce.Fixture", "..\..\..\Unreal Engine Versions\UE_5.3\Engine\Source\Programs\Shared\EpicGames.Perforce.Fixture\EpicGames.Perforce.Fixture.csproj", "{D57FAE98-7885-370A-B0A6-5C4E9B4E2C15}"
EndProject
Project("{FAE04EC0-301F-11D3-BF4B-00C04F79EFBC}") = "EpicGames.Perforce.Managed", "..\..\..\Unreal Engine Versions\UE_5.3\Engine\Source\Programs\Shared\EpicGames.Perforce.Managed\EpicGames.Perforce.Managed.csproj", "{06C9EB94-2718-3D06-BB7C-434A281EBE72}"
EndProject
Project("{FAE04EC0-301F-11D3-BF4B-00C04F79EFBC}") = "EpicGames.Perforce", "..\..\..\Unreal Engine Versions\UE_5.3\Engine\Source\Programs\Shared\EpicGames.Perforce\EpicGames.Perforce.csproj", "{19AA7661-B119-35E0-819D-BC462203D2E5}"
EndProject
Project("{FAE04EC0-301F-11D3-BF4B-00C04F79EFBC}") = "EpicGames.Redis", "..\..\..\Unreal Engine Versions\UE_5.3\Engine\Source\Programs\Shared\EpicGames.Redis\EpicGames.Redis.csproj", "{5981BE6D-AFDC-39F7-8088-114C7833588D}"
EndProject
Project("{FAE04EC0-301F-11D3-BF4B-00C04F79EFBC}") = "EpicGames.Serialization", "..\..\..\Unreal Engine Versions\UE_5.3\Engine\Source\Programs\Shared\EpicGames.Serialization\EpicGames.Serialization.csproj", "{5D76FA24-244C-3665-B84D-1FBA94968906}"
EndProject
Project("{FAE04EC0-301F-11D3-BF4B-00C04F79EFBC}") = "EpicGames.Slack", "..\..\..\Unreal Engine Versions\UE_5.3\Engine\Source\Programs\Shared\EpicGames.Slack\EpicGames.Slack.csproj", "{0BA07BFC-003B-3CB5-B9A8-25211906EA90}"
EndProject
Project("{FAE04EC0-301F-11D3-BF4B-00C04F79EFBC}") = "EpicGames.Tracing", "..\..\..\Unreal Engine Versions\UE_5.3\Engine\Source\Programs\Shared\EpicGames.Tracing\EpicGames.Tracing.csproj", "{71DE8D20-F557-34ED-BB53-CF8BEB6F127B}"
EndProject
Project("{FAE04EC0-301F-11D3-BF4B-00C04F79EFBC}") = "EpicGames.UHT", "..\..\..\Unreal Engine Versions\UE_5.3\Engine\Source\Programs\Shared\EpicGames.UHT\EpicGames.UHT.csproj", "{A2B014F0-E009-3601-8ADC-71A305CCF84A}"
EndProject
Project("{FAE04EC0-301F-11D3-BF4B-00C04F79EFBC}") = "LabWork4ModuleRules", "Intermediate\Build\BuildRulesProjects\LabWork4ModuleRules\LabWork4ModuleRules.csproj", "{7CDE3069-72D6-33BA-B5DE-609B88A504AF}"
EndProject
Project("{FAE04EC0-301F-11D3-BF4B-00C04F79EFBC}") = "MarketplaceRules", "..\..\..\Unreal Engine Versions\UE_5.3\Engine\Intermediate\Build\BuildRulesProjects\MarketplaceRules\MarketplaceRules.csproj", "{D6FF3C55-CA02-3F1C-9112-072D7DC288B9}"
EndProject
Project("{FAE04EC0-301F-11D3-BF4B-00C04F79EFBC}") = "UE5ProgramRules", "..\..\..\Unreal Engine Versions\UE_5.3\Engine\Intermediate\Build\BuildRulesProjects\UE5ProgramRules\UE5ProgramRules.csproj", "{E5F3E7B6-34D8-3FB5-A7DB-95DDD8E2AA82}"
EndProject
Project("{FAE04EC0-301F-11D3-BF4B-00C04F79EFBC}") = "UE5Rules", "..\..\..\Unreal Engine Versions\UE_5.3\Engine\Intermediate\Build\BuildRulesProjects\UE5Rules\UE5Rules.csproj", "{8D2DFE23-7AE4-382E-977A-F586F68F9E7C}"
EndProject
Project("{2150E333-8FDC-42A3-9474-1A3956D46DE8}") = "Visualizers", "Visualizers", "{1CCEC849-CC72-4C59-8C36-2F7C38706D4C}"
	ProjectSection(SolutionItems) = preProject
		..\..\..\Unreal Engine Versions\UE_5.3\Engine\Extras\VisualStudioDebugging\Unreal.natvis = ..\..\..\Unreal Engine Versions\UE_5.3\Engine\Extras\VisualStudioDebugging\Unreal.natvis
		..\..\..\Unreal Engine Versions\UE_5.3\Engine\Extras\VisualStudioDebugging\Unreal.natstepfilter = ..\..\..\Unreal Engine Versions\UE_5.3\Engine\Extras\VisualStudioDebugging\Unreal.natstepfilter
	EndProjectSection
EndProject
Global
	GlobalSection(SolutionConfigurationPlatforms) = preSolution
		DebugGame Editor|Win64 = DebugGame Editor|Win64
		DebugGame|Win64 = DebugGame|Win64
		Development Editor|Win64 = Development Editor|Win64
		Development|Win64 = Development|Win64
		Shipping|Win64 = Shipping|Win64
	EndGlobalSection
	# UnrealVS Section
	GlobalSection(ddbf523f-7eb6-4887-bd51-85a714ff87eb) = preSolution
		AvailablePlatforms=Win64
	EndGlobalSection
	GlobalSection(ProjectConfigurationPlatforms) = postSolution
		{24BEE783-5FFB-3D03-8DB9-69B2D44AC5E5}.DebugGame Editor|Win64.ActiveCfg = DebugGame_Editor|x64
		{24BEE783-5FFB-3D03-8DB9-69B2D44AC5E5}.DebugGame Editor|Win64.Build.0 = DebugGame_Editor|x64
		{24BEE783-5FFB-3D03-8DB9-69B2D44AC5E5}.DebugGame|Win64.ActiveCfg = DebugGame|x64
		{24BEE783-5FFB-3D03-8DB9-69B2D44AC5E5}.DebugGame|Win64.Build.0 = DebugGame|x64
		{24BEE783-5FFB-3D03-8DB9-69B2D44AC5E5}.Development Editor|Win64.ActiveCfg = Development_Editor|x64
		{24BEE783-5FFB-3D03-8DB9-69B2D44AC5E5}.Development Editor|Win64.Build.0 = Development_Editor|x64
		{24BEE783-5FFB-3D03-8DB9-69B2D44AC5E5}.Development|Win64.ActiveCfg = Development|x64
		{24BEE783-5FFB-3D03-8DB9-69B2D44AC5E5}.Development|Win64.Build.0 = Development|x64
		{24BEE783-5FFB-3D03-8DB9-69B2D44AC5E5}.Shipping|Win64.ActiveCfg = Shipping|x64
		{24BEE783-5FFB-3D03-8DB9-69B2D44AC5E5}.Shipping|Win64.Build.0 = Shipping|x64
		{0FEA6124-598D-3CD3-9722-142DAA538A17}.DebugGame Editor|Win64.ActiveCfg = BuiltWithUnrealBuildTool|Win64
		{0FEA6124-598D-3CD3-9722-142DAA538A17}.DebugGame|Win64.ActiveCfg = BuiltWithUnrealBuildTool|Win64
		{0FEA6124-598D-3CD3-9722-142DAA538A17}.Development Editor|Win64.ActiveCfg = BuiltWithUnrealBuildTool|Win64
		{0FEA6124-598D-3CD3-9722-142DAA538A17}.Development|Win64.ActiveCfg = BuiltWithUnrealBuildTool|Win64
		{0FEA6124-598D-3CD3-9722-142DAA538A17}.Shipping|Win64.ActiveCfg = BuiltWithUnrealBuildTool|Win64
		{50F2D15E-3B1A-30D2-BEFB-419B11C4C02F}.DebugGame Editor|Win64.ActiveCfg = Development|Any CPU
		{50F2D15E-3B1A-30D2-BEFB-419B11C4C02F}.DebugGame Editor|Win64.Build.0 = Development|Any CPU
		{50F2D15E-3B1A-30D2-BEFB-419B11C4C02F}.DebugGame|Win64.ActiveCfg = Development|Any CPU
		{50F2D15E-3B1A-30D2-BEFB-419B11C4C02F}.DebugGame|Win64.Build.0 = Development|Any CPU
		{50F2D15E-3B1A-30D2-BEFB-419B11C4C02F}.Development Editor|Win64.ActiveCfg = Development|Any CPU
		{50F2D15E-3B1A-30D2-BEFB-419B11C4C02F}.Development Editor|Win64.Build.0 = Development|Any CPU
		{50F2D15E-3B1A-30D2-BEFB-419B11C4C02F}.Development|Win64.ActiveCfg = Development|Any CPU
		{50F2D15E-3B1A-30D2-BEFB-419B11C4C02F}.Development|Win64.Build.0 = Development|Any CPU
		{50F2D15E-3B1A-30D2-BEFB-419B11C4C02F}.Shipping|Win64.ActiveCfg = Development|Any CPU
		{50F2D15E-3B1A-30D2-BEFB-419B11C4C02F}.Shipping|Win64.Build.0 = Development|Any CPU
		{32C60034-2EB6-3DDE-A2E6-43FC8B21E63C}.DebugGame Editor|Win64.ActiveCfg = Development|Any CPU
		{32C60034-2EB6-3DDE-A2E6-43FC8B21E63C}.DebugGame Editor|Win64.Build.0 = Development|Any CPU
		{32C60034-2EB6-3DDE-A2E6-43FC8B21E63C}.DebugGame|Win64.ActiveCfg = Development|Any CPU
		{32C60034-2EB6-3DDE-A2E6-43FC8B21E63C}.DebugGame|Win64.Build.0 = Development|Any CPU
		{32C60034-2EB6-3DDE-A2E6-43FC8B21E63C}.Development Editor|Win64.ActiveCfg = Development|Any CPU
		{32C60034-2EB6-3DDE-A2E6-43FC8B21E63C}.Development Editor|Win64.Build.0 = Development|Any CPU
		{32C60034-2EB6-3DDE-A2E6-43FC8B21E63C}.Development|Win64.ActiveCfg = Development|Any CPU
		{32C60034-2EB6-3DDE-A2E6-43FC8B21E63C}.Development|Win64.Build.0 = Development|Any CPU
		{32C60034-2EB6-3DDE-A2E6-43FC8B21E63C}.Shipping|Win64.ActiveCfg = Development|Any CPU
		{32C60034-2EB6-3DDE-A2E6-43FC8B21E63C}.Shipping|Win64.Build.0 = Development|Any CPU
		{9D96057D-24FA-3293-8047-B5B1E018E8C0}.DebugGame Editor|Win64.ActiveCfg = Development|Any CPU
		{9D96057D-24FA-3293-8047-B5B1E018E8C0}.DebugGame Editor|Win64.Build.0 = Development|Any CPU
		{9D96057D-24FA-3293-8047-B5B1E018E8C0}.DebugGame|Win64.ActiveCfg = Development|Any CPU
		{9D96057D-24FA-3293-8047-B5B1E018E8C0}.DebugGame|Win64.Build.0 = Development|Any CPU
		{9D96057D-24FA-3293-8047-B5B1E018E8C0}.Development Editor|Win64.ActiveCfg = Development|Any CPU
		{9D96057D-24FA-3293-8047-B5B1E018E8C0}.Development Editor|Win64.Build.0 = Development|Any CPU
		{9D96057D-24FA-3293-8047-B5B1E018E8C0}.Development|Win64.ActiveCfg = Development|Any CPU
		{9D96057D-24FA-3293-8047-B5B1E018E8C0}.Development|Win64.Build.0 = Development|Any CPU
		{9D96057D-24FA-3293-8047-B5B1E018E8C0}.Shipping|Win64.ActiveCfg = Development|Any CPU
		{9D96057D-24FA-3293-8047-B5B1E018E8C0}.Shipping|Win64.Build.0 = Development|Any CPU
		{E76B1AF2-A797-394A-B3F6-BAC7DD4A6D90}.DebugGame Editor|Win64.ActiveCfg = Development|Any CPU
		{E76B1AF2-A797-394A-B3F6-BAC7DD4A6D90}.DebugGame Editor|Win64.Build.0 = Development|Any CPU
		{E76B1AF2-A797-394A-B3F6-BAC7DD4A6D90}.DebugGame|Win64.ActiveCfg = Development|Any CPU
		{E76B1AF2-A797-394A-B3F6-BAC7DD4A6D90}.DebugGame|Win64.Build.0 = Development|Any CPU
		{E76B1AF2-A797-394A-B3F6-BAC7DD4A6D90}.Development Editor|Win64.ActiveCfg = Development|Any CPU
		{E76B1AF2-A797-394A-B3F6-BAC7DD4A6D90}.Development Editor|Win64.Build.0 = Development|Any CPU
		{E76B1AF2-A797-394A-B3F6-BAC7DD4A6D90}.Development|Win64.ActiveCfg = Development|Any CPU
		{E76B1AF2-A797-394A-B3F6-BAC7DD4A6D90}.Development|Win64.Build.0 = Development|Any CPU
		{E76B1AF2-A797-394A-B3F6-BAC7DD4A6D90}.Shipping|Win64.ActiveCfg = Development|Any CPU
		{E76B1AF2-A797-394A-B3F6-BAC7DD4A6D90}.Shipping|Win64.Build.0 = Development|Any CPU
		{69673551-BEF3-3E0B-BC1D-15FA1AD4B917}.DebugGame Editor|Win64.ActiveCfg = Development|Any CPU
		{69673551-BEF3-3E0B-BC1D-15FA1AD4B917}.DebugGame Editor|Win64.Build.0 = Development|Any CPU
		{69673551-BEF3-3E0B-BC1D-15FA1AD4B917}.DebugGame|Win64.ActiveCfg = Development|Any CPU
		{69673551-BEF3-3E0B-BC1D-15FA1AD4B917}.DebugGame|Win64.Build.0 = Development|Any CPU
		{69673551-BEF3-3E0B-BC1D-15FA1AD4B917}.Development Editor|Win64.ActiveCfg = Development|Any CPU
		{69673551-BEF3-3E0B-BC1D-15FA1AD4B917}.Development Editor|Win64.Build.0 = Development|Any CPU
		{69673551-BEF3-3E0B-BC1D-15FA1AD4B917}.Development|Win64.ActiveCfg = Development|Any CPU
		{69673551-BEF3-3E0B-BC1D-15FA1AD4B917}.Development|Win64.Build.0 = Development|Any CPU
		{69673551-BEF3-3E0B-BC1D-15FA1AD4B917}.Shipping|Win64.ActiveCfg = Development|Any CPU
		{69673551-BEF3-3E0B-BC1D-15FA1AD4B917}.Shipping|Win64.Build.0 = Development|Any CPU
		{96485537-C99F-397D-A3CD-075645CDA457}.DebugGame Editor|Win64.ActiveCfg = Development|Any CPU
		{96485537-C99F-397D-A3CD-075645CDA457}.DebugGame Editor|Win64.Build.0 = Development|Any CPU
		{96485537-C99F-397D-A3CD-075645CDA457}.DebugGame|Win64.ActiveCfg = Development|Any CPU
		{96485537-C99F-397D-A3CD-075645CDA457}.DebugGame|Win64.Build.0 = Development|Any CPU
		{96485537-C99F-397D-A3CD-075645CDA457}.Development Editor|Win64.ActiveCfg = Development|Any CPU
		{96485537-C99F-397D-A3CD-075645CDA457}.Development Editor|Win64.Build.0 = Development|Any CPU
		{96485537-C99F-397D-A3CD-075645CDA457}.Development|Win64.ActiveCfg = Development|Any CPU
		{96485537-C99F-397D-A3CD-075645CDA457}.Development|Win64.Build.0 = Development|Any CPU
		{96485537-C99F-397D-A3CD-075645CDA457}.Shipping|Win64.ActiveCfg = Development|Any CPU
		{96485537-C99F-397D-A3CD-075645CDA457}.Shipping|Win64.Build.0 = Development|Any CPU
		{180F1A9D-6A23-3549-B8BB-9EE4406FE264}.DebugGame Editor|Win64.ActiveCfg = Development|Any CPU
		{180F1A9D-6A23-3549-B8BB-9EE4406FE264}.DebugGame Editor|Win64.Build.0 = Development|Any CPU
		{180F1A9D-6A23-3549-B8BB-9EE4406FE264}.DebugGame|Win64.ActiveCfg = Development|Any CPU
		{180F1A9D-6A23-3549-B8BB-9EE4406FE264}.DebugGame|Win64.Build.0 = Development|Any CPU
		{180F1A9D-6A23-3549-B8BB-9EE4406FE264}.Development Editor|Win64.ActiveCfg = Development|Any CPU
		{180F1A9D-6A23-3549-B8BB-9EE4406FE264}.Development Editor|Win64.Build.0 = Development|Any CPU
		{180F1A9D-6A23-3549-B8BB-9EE4406FE264}.Development|Win64.ActiveCfg = Development|Any CPU
		{180F1A9D-6A23-3549-B8BB-9EE4406FE264}.Development|Win64.Build.0 = Development|Any CPU
		{180F1A9D-6A23-3549-B8BB-9EE4406FE264}.Shipping|Win64.ActiveCfg = Development|Any CPU
		{180F1A9D-6A23-3549-B8BB-9EE4406FE264}.Shipping|Win64.Build.0 = Development|Any CPU
		{EEDAF02E-D977-3B68-A3F9-5726F0A32E82}.DebugGame Editor|Win64.ActiveCfg = Development|Any CPU
		{EEDAF02E-D977-3B68-A3F9-5726F0A32E82}.DebugGame Editor|Win64.Build.0 = Development|Any CPU
		{EEDAF02E-D977-3B68-A3F9-5726F0A32E82}.DebugGame|Win64.ActiveCfg = Development|Any CPU
		{EEDAF02E-D977-3B68-A3F9-5726F0A32E82}.DebugGame|Win64.Build.0 = Development|Any CPU
		{EEDAF02E-D977-3B68-A3F9-5726F0A32E82}.Development Editor|Win64.ActiveCfg = Development|Any CPU
		{EEDAF02E-D977-3B68-A3F9-5726F0A32E82}.Development Editor|Win64.Build.0 = Development|Any CPU
		{EEDAF02E-D977-3B68-A3F9-5726F0A32E82}.Development|Win64.ActiveCfg = Development|Any CPU
		{EEDAF02E-D977-3B68-A3F9-5726F0A32E82}.Development|Win64.Build.0 = Development|Any CPU
		{EEDAF02E-D977-3B68-A3F9-5726F0A32E82}.Shipping|Win64.ActiveCfg = Development|Any CPU
		{EEDAF02E-D977-3B68-A3F9-5726F0A32E82}.Shipping|Win64.Build.0 = Development|Any CPU
		{86AC0637-1126-363E-9632-60F4333D4436}.DebugGame Editor|Win64.ActiveCfg = Development|Any CPU
		{86AC0637-1126-363E-9632-60F4333D4436}.DebugGame Editor|Win64.Build.0 = Development|Any CPU
		{86AC0637-1126-363E-9632-60F4333D4436}.DebugGame|Win64.ActiveCfg = Development|Any CPU
		{86AC0637-1126-363E-9632-60F4333D4436}.DebugGame|Win64.Build.0 = Development|Any CPU
		{86AC0637-1126-363E-9632-60F4333D4436}.Development Editor|Win64.ActiveCfg = Development|Any CPU
		{86AC0637-1126-363E-9632-60F4333D4436}.Development Editor|Win64.Build.0 = Development|Any CPU
		{86AC0637-1126-363E-9632-60F4333D4436}.Development|Win64.ActiveCfg = Development|Any CPU
		{86AC0637-1126-363E-9632-60F4333D4436}.Development|Win64.Build.0 = Development|Any CPU
		{86AC0637-1126-363E-9632-60F4333D4436}.Shipping|Win64.ActiveCfg = Development|Any CPU
		{86AC0637-1126-363E-9632-60F4333D4436}.Shipping|Win64.Build.0 = Development|Any CPU
		{9FC762A8-44FE-3802-A35C-8B4C986C0FFB}.DebugGame Editor|Win64.ActiveCfg = Development|Any CPU
		{9FC762A8-44FE-3802-A35C-8B4C986C0FFB}.DebugGame Editor|Win64.Build.0 = Development|Any CPU
		{9FC762A8-44FE-3802-A35C-8B4C986C0FFB}.DebugGame|Win64.ActiveCfg = Development|Any CPU
		{9FC762A8-44FE-3802-A35C-8B4C986C0FFB}.DebugGame|Win64.Build.0 = Development|Any CPU
		{9FC762A8-44FE-3802-A35C-8B4C986C0FFB}.Development Editor|Win64.ActiveCfg = Development|Any CPU
		{9FC762A8-44FE-3802-A35C-8B4C986C0FFB}.Development Editor|Win64.Build.0 = Development|Any CPU
		{9FC762A8-44FE-3802-A35C-8B4C986C0FFB}.Development|Win64.ActiveCfg = Development|Any CPU
		{9FC762A8-44FE-3802-A35C-8B4C986C0FFB}.Development|Win64.Build.0 = Development|Any CPU
		{9FC762A8-44FE-3802-A35C-8B4C986C0FFB}.Shipping|Win64.ActiveCfg = Development|Any CPU
		{9FC762A8-44FE-3802-A35C-8B4C986C0FFB}.Shipping|Win64.Build.0 = Development|Any CPU
		{623E69D2-B368-3435-80FD-27074487677B}.DebugGame Editor|Win64.ActiveCfg = Development|Any CPU
		{623E69D2-B368-3435-80FD-27074487677B}.DebugGame Editor|Win64.Build.0 = Development|Any CPU
		{623E69D2-B368-3435-80FD-27074487677B}.DebugGame|Win64.ActiveCfg = Development|Any CPU
		{623E69D2-B368-3435-80FD-27074487677B}.DebugGame|Win64.Build.0 = Development|Any CPU
		{623E69D2-B368-3435-80FD-27074487677B}.Development Editor|Win64.ActiveCfg = Development|Any CPU
		{623E69D2-B368-3435-80FD-27074487677B}.Development Editor|Win64.Build.0 = Development|Any CPU
		{623E69D2-B368-3435-80FD-27074487677B}.Development|Win64.ActiveCfg = Development|Any CPU
		{623E69D2-B368-3435-80FD-27074487677B}.Development|Win64.Build.0 = Development|Any CPU
		{623E69D2-B368-3435-80FD-27074487677B}.Shipping|Win64.ActiveCfg = Development|Any CPU
		{623E69D2-B368-3435-80FD-27074487677B}.Shipping|Win64.Build.0 = Development|Any CPU
		{511079E9-6985-390B-BE1A-30094055A117}.DebugGame Editor|Win64.ActiveCfg = Development|Any CPU
		{511079E9-6985-390B-BE1A-30094055A117}.DebugGame Editor|Win64.Build.0 = Development|Any CPU
		{511079E9-6985-390B-BE1A-30094055A117}.DebugGame|Win64.ActiveCfg = Development|Any CPU
		{511079E9-6985-390B-BE1A-30094055A117}.DebugGame|Win64.Build.0 = Development|Any CPU
		{511079E9-6985-390B-BE1A-30094055A117}.Development Editor|Win64.ActiveCfg = Development|Any CPU
		{511079E9-6985-390B-BE1A-30094055A117}.Development Editor|Win64.Build.0 = Development|Any CPU
		{511079E9-6985-390B-BE1A-30094055A117}.Development|Win64.ActiveCfg = Development|Any CPU
		{511079E9-6985-390B-BE1A-30094055A117}.Development|Win64.Build.0 = Development|Any CPU
		{511079E9-6985-390B-BE1A-30094055A117}.Shipping|Win64.ActiveCfg = Development|Any CPU
		{511079E9-6985-390B-BE1A-30094055A117}.Shipping|Win64.Build.0 = Development|Any CPU
		{E9CA85D5-C54F-30C7-B0F4-278254A69AE4}.DebugGame Editor|Win64.ActiveCfg = Development|Any CPU
		{E9CA85D5-C54F-30C7-B0F4-278254A69AE4}.DebugGame Editor|Win64.Build.0 = Development|Any CPU
		{E9CA85D5-C54F-30C7-B0F4-278254A69AE4}.DebugGame|Win64.ActiveCfg = Development|Any CPU
		{E9CA85D5-C54F-30C7-B0F4-278254A69AE4}.DebugGame|Win64.Build.0 = Development|Any CPU
		{E9CA85D5-C54F-30C7-B0F4-278254A69AE4}.Development Editor|Win64.ActiveCfg = Development|Any CPU
		{E9CA85D5-C54F-30C7-B0F4-278254A69AE4}.Development Editor|Win64.Build.0 = Development|Any CPU
		{E9CA85D5-C54F-30C7-B0F4-278254A69AE4}.Development|Win64.ActiveCfg = Development|Any CPU
		{E9CA85D5-C54F-30C7-B0F4-278254A69AE4}.Development|Win64.Build.0 = Development|Any CPU
		{E9CA85D5-C54F-30C7-B0F4-278254A69AE4}.Shipping|Win64.ActiveCfg = Development|Any CPU
		{E9CA85D5-C54F-30C7-B0F4-278254A69AE4}.Shipping|Win64.Build.0 = Development|Any CPU
		{98EEF26A-73C9-3AFD-92DE-EADDD775E349}.DebugGame Editor|Win64.ActiveCfg = Development|Any CPU
		{98EEF26A-73C9-3AFD-92DE-EADDD775E349}.DebugGame Editor|Win64.Build.0 = Development|Any CPU
		{98EEF26A-73C9-3AFD-92DE-EADDD775E349}.DebugGame|Win64.ActiveCfg = Development|Any CPU
		{98EEF26A-73C9-3AFD-92DE-EADDD775E349}.DebugGame|Win64.Build.0 = Development|Any CPU
		{98EEF26A-73C9-3AFD-92DE-EADDD775E349}.Development Editor|Win64.ActiveCfg = Development|Any CPU
		{98EEF26A-73C9-3AFD-92DE-EADDD775E349}.Development Editor|Win64.Build.0 = Development|Any CPU
		{98EEF26A-73C9-3AFD-92DE-EADDD775E349}.Development|Win64.ActiveCfg = Development|Any CPU
		{98EEF26A-73C9-3AFD-92DE-EADDD775E349}.Development|Win64.Build.0 = Development|Any CPU
		{98EEF26A-73C9-3AFD-92DE-EADDD775E349}.Shipping|Win64.ActiveCfg = Development|Any CPU
		{98EEF26A-73C9-3AFD-92DE-EADDD775E349}.Shipping|Win64.Build.0 = Development|Any CPU
		{5177BCFB-200F-3373-85B0-69AEBC051684}.DebugGame Editor|Win64.ActiveCfg = Development|Any CPU
		{5177BCFB-200F-3373-85B0-69AEBC051684}.DebugGame Editor|Win64.Build.0 = Development|Any CPU
		{5177BCFB-200F-3373-85B0-69AEBC051684}.DebugGame|Win64.ActiveCfg = Development|Any CPU
		{5177BCFB-200F-3373-85B0-69AEBC051684}.DebugGame|Win64.Build.0 = Development|Any CPU
		{5177BCFB-200F-3373-85B0-69AEBC051684}.Development Editor|Win64.ActiveCfg = Development|Any CPU
		{5177BCFB-200F-3373-85B0-69AEBC051684}.Development Editor|Win64.Build.0 = Development|Any CPU
		{5177BCFB-200F-3373-85B0-69AEBC051684}.Development|Win64.ActiveCfg = Development|Any CPU
		{5177BCFB-200F-3373-85B0-69AEBC051684}.Development|Win64.Build.0 = Development|Any CPU
		{5177BCFB-200F-3373-85B0-69AEBC051684}.Shipping|Win64.ActiveCfg = Development|Any CPU
		{5177BCFB-200F-3373-85B0-69AEBC051684}.Shipping|Win64.Build.0 = Development|Any CPU
		{BE0A287B-E6EA-3C90-B83C-6D1F1B236B7C}.DebugGame Editor|Win64.ActiveCfg = Development|Any CPU
		{BE0A287B-E6EA-3C90-B83C-6D1F1B236B7C}.DebugGame Editor|Win64.Build.0 = Development|Any CPU
		{BE0A287B-E6EA-3C90-B83C-6D1F1B236B7C}.DebugGame|Win64.ActiveCfg = Development|Any CPU
		{BE0A287B-E6EA-3C90-B83C-6D1F1B236B7C}.DebugGame|Win64.Build.0 = Development|Any CPU
		{BE0A287B-E6EA-3C90-B83C-6D1F1B236B7C}.Development Editor|Win64.ActiveCfg = Development|Any CPU
		{BE0A287B-E6EA-3C90-B83C-6D1F1B236B7C}.Development Editor|Win64.Build.0 = Development|Any CPU
		{BE0A287B-E6EA-3C90-B83C-6D1F1B236B7C}.Development|Win64.ActiveCfg = Development|Any CPU
		{BE0A287B-E6EA-3C90-B83C-6D1F1B236B7C}.Development|Win64.Build.0 = Development|Any CPU
		{BE0A287B-E6EA-3C90-B83C-6D1F1B236B7C}.Shipping|Win64.ActiveCfg = Development|Any CPU
		{BE0A287B-E6EA-3C90-B83C-6D1F1B236B7C}.Shipping|Win64.Build.0 = Development|Any CPU
		{141329B1-4C46-325B-AF76-C90CEF9B15E0}.DebugGame Editor|Win64.ActiveCfg = Development|Any CPU
		{141329B1-4C46-325B-AF76-C90CEF9B15E0}.DebugGame Editor|Win64.Build.0 = Development|Any CPU
		{141329B1-4C46-325B-AF76-C90CEF9B15E0}.DebugGame|Win64.ActiveCfg = Development|Any CPU
		{141329B1-4C46-325B-AF76-C90CEF9B15E0}.DebugGame|Win64.Build.0 = Development|Any CPU
		{141329B1-4C46-325B-AF76-C90CEF9B15E0}.Development Editor|Win64.ActiveCfg = Development|Any CPU
		{141329B1-4C46-325B-AF76-C90CEF9B15E0}.Development Editor|Win64.Build.0 = Development|Any CPU
		{141329B1-4C46-325B-AF76-C90CEF9B15E0}.Development|Win64.ActiveCfg = Development|Any CPU
		{141329B1-4C46-325B-AF76-C90CEF9B15E0}.Development|Win64.Build.0 = Development|Any CPU
		{141329B1-4C46-325B-AF76-C90CEF9B15E0}.Shipping|Win64.ActiveCfg = Development|Any CPU
		{141329B1-4C46-325B-AF76-C90CEF9B15E0}.Shipping|Win64.Build.0 = Development|Any CPU
		{438B26DA-44B3-319A-9A4B-BB3CF831F8F4}.DebugGame Editor|Win64.ActiveCfg = Development|Any CPU
		{438B26DA-44B3-319A-9A4B-BB3CF831F8F4}.DebugGame Editor|Win64.Build.0 = Development|Any CPU
		{438B26DA-44B3-319A-9A4B-BB3CF831F8F4}.DebugGame|Win64.ActiveCfg = Development|Any CPU
		{438B26DA-44B3-319A-9A4B-BB3CF831F8F4}.DebugGame|Win64.Build.0 = Development|Any CPU
		{438B26DA-44B3-319A-9A4B-BB3CF831F8F4}.Development Editor|Win64.ActiveCfg = Development|Any CPU
		{438B26DA-44B3-319A-9A4B-BB3CF831F8F4}.Development Editor|Win64.Build.0 = Development|Any CPU
		{438B26DA-44B3-319A-9A4B-BB3CF831F8F4}.Development|Win64.ActiveCfg = Development|Any CPU
		{438B26DA-44B3-319A-9A4B-BB3CF831F8F4}.Development|Win64.Build.0 = Development|Any CPU
		{438B26DA-44B3-319A-9A4B-BB3CF831F8F4}.Shipping|Win64.ActiveCfg = Development|Any CPU
		{438B26DA-44B3-319A-9A4B-BB3CF831F8F4}.Shipping|Win64.Build.0 = Development|Any CPU
		{FA279700-A200-352A-92B9-EB56601EECA9}.DebugGame Editor|Win64.ActiveCfg = Development|Any CPU
		{FA279700-A200-352A-92B9-EB56601EECA9}.DebugGame Editor|Win64.Build.0 = Development|Any CPU
		{FA279700-A200-352A-92B9-EB56601EECA9}.DebugGame|Win64.ActiveCfg = Development|Any CPU
		{FA279700-A200-352A-92B9-EB56601EECA9}.DebugGame|Win64.Build.0 = Development|Any CPU
		{FA279700-A200-352A-92B9-EB56601EECA9}.Development Editor|Win64.ActiveCfg = Development|Any CPU
		{FA279700-A200-352A-92B9-EB56601EECA9}.Development Editor|Win64.Build.0 = Development|Any CPU
		{FA279700-A200-352A-92B9-EB56601EECA9}.Development|Win64.ActiveCfg = Development|Any CPU
		{FA279700-A200-352A-92B9-EB56601EECA9}.Development|Win64.Build.0 = Development|Any CPU
		{FA279700-A200-352A-92B9-EB56601EECA9}.Shipping|Win64.ActiveCfg = Development|Any CPU
		{FA279700-A200-352A-92B9-EB56601EECA9}.Shipping|Win64.Build.0 = Development|Any CPU
		{001E78EC-C645-3743-B577-D373FF196D12}.DebugGame Editor|Win64.ActiveCfg = Development|Any CPU
		{001E78EC-C645-3743-B577-D373FF196D12}.DebugGame Editor|Win64.Build.0 = Development|Any CPU
		{001E78EC-C645-3743-B577-D373FF196D12}.DebugGame|Win64.ActiveCfg = Development|Any CPU
		{001E78EC-C645-3743-B577-D373FF196D12}.DebugGame|Win64.Build.0 = Development|Any CPU
		{001E78EC-C645-3743-B577-D373FF196D12}.Development Editor|Win64.ActiveCfg = Development|Any CPU
		{001E78EC-C645-3743-B577-D373FF196D12}.Development Editor|Win64.Build.0 = Development|Any CPU
		{001E78EC-C645-3743-B577-D373FF196D12}.Development|Win64.ActiveCfg = Development|Any CPU
		{001E78EC-C645-3743-B577-D373FF196D12}.Development|Win64.Build.0 = Development|Any CPU
		{001E78EC-C645-3743-B577-D373FF196D12}.Shipping|Win64.ActiveCfg = Development|Any CPU
		{001E78EC-C645-3743-B577-D373FF196D12}.Shipping|Win64.Build.0 = Development|Any CPU
		{3936E2D7-3B09-3929-A1A6-6C8C689144AD}.DebugGame Editor|Win64.ActiveCfg = Development|Any CPU
		{3936E2D7-3B09-3929-A1A6-6C8C689144AD}.DebugGame Editor|Win64.Build.0 = Development|Any CPU
		{3936E2D7-3B09-3929-A1A6-6C8C689144AD}.DebugGame|Win64.ActiveCfg = Development|Any CPU
		{3936E2D7-3B09-3929-A1A6-6C8C689144AD}.DebugGame|Win64.Build.0 = Development|Any CPU
		{3936E2D7-3B09-3929-A1A6-6C8C689144AD}.Development Editor|Win64.ActiveCfg = Development|Any CPU
		{3936E2D7-3B09-3929-A1A6-6C8C689144AD}.Development Editor|Win64.Build.0 = Development|Any CPU
		{3936E2D7-3B09-3929-A1A6-6C8C689144AD}.Development|Win64.ActiveCfg = Development|Any CPU
		{3936E2D7-3B09-3929-A1A6-6C8C689144AD}.Development|Win64.Build.0 = Development|Any CPU
		{3936E2D7-3B09-3929-A1A6-6C8C689144AD}.Shipping|Win64.ActiveCfg = Development|Any CPU
		{3936E2D7-3B09-3929-A1A6-6C8C689144AD}.Shipping|Win64.Build.0 = Development|Any CPU
		{F1A3A8BC-D5FC-3A77-9753-56E3216DB585}.DebugGame Editor|Win64.ActiveCfg = Development|Any CPU
		{F1A3A8BC-D5FC-3A77-9753-56E3216DB585}.DebugGame Editor|Win64.Build.0 = Development|Any CPU
		{F1A3A8BC-D5FC-3A77-9753-56E3216DB585}.DebugGame|Win64.ActiveCfg = Development|Any CPU
		{F1A3A8BC-D5FC-3A77-9753-56E3216DB585}.DebugGame|Win64.Build.0 = Development|Any CPU
		{F1A3A8BC-D5FC-3A77-9753-56E3216DB585}.Development Editor|Win64.ActiveCfg = Development|Any CPU
		{F1A3A8BC-D5FC-3A77-9753-56E3216DB585}.Development Editor|Win64.Build.0 = Development|Any CPU
		{F1A3A8BC-D5FC-3A77-9753-56E3216DB585}.Development|Win64.ActiveCfg = Development|Any CPU
		{F1A3A8BC-D5FC-3A77-9753-56E3216DB585}.Development|Win64.Build.0 = Development|Any CPU
		{F1A3A8BC-D5FC-3A77-9753-56E3216DB585}.Shipping|Win64.ActiveCfg = Development|Any CPU
		{F1A3A8BC-D5FC-3A77-9753-56E3216DB585}.Shipping|Win64.Build.0 = Development|Any CPU
		{51668A72-0D88-30AE-ADCD-F449962120CC}.DebugGame Editor|Win64.ActiveCfg = Development|Any CPU
		{51668A72-0D88-30AE-ADCD-F449962120CC}.DebugGame Editor|Win64.Build.0 = Development|Any CPU
		{51668A72-0D88-30AE-ADCD-F449962120CC}.DebugGame|Win64.ActiveCfg = Development|Any CPU
		{51668A72-0D88-30AE-ADCD-F449962120CC}.DebugGame|Win64.Build.0 = Development|Any CPU
		{51668A72-0D88-30AE-ADCD-F449962120CC}.Development Editor|Win64.ActiveCfg = Development|Any CPU
		{51668A72-0D88-30AE-ADCD-F449962120CC}.Development Editor|Win64.Build.0 = Development|Any CPU
		{51668A72-0D88-30AE-ADCD-F449962120CC}.Development|Win64.ActiveCfg = Development|Any CPU
		{51668A72-0D88-30AE-ADCD-F449962120CC}.Development|Win64.Build.0 = Development|Any CPU
		{51668A72-0D88-30AE-ADCD-F449962120CC}.Shipping|Win64.ActiveCfg = Development|Any CPU
		{51668A72-0D88-30AE-ADCD-F449962120CC}.Shipping|Win64.Build.0 = Development|Any CPU
		{61FE437D-4DEC-30FB-AFFB-3F32105AA67B}.DebugGame Editor|Win64.ActiveCfg = Development|Any CPU
		{61FE437D-4DEC-30FB-AFFB-3F32105AA67B}.DebugGame Editor|Win64.Build.0 = Development|Any CPU
		{61FE437D-4DEC-30FB-AFFB-3F32105AA67B}.DebugGame|Win64.ActiveCfg = Development|Any CPU
		{61FE437D-4DEC-30FB-AFFB-3F32105AA67B}.DebugGame|Win64.Build.0 = Development|Any CPU
		{61FE437D-4DEC-30FB-AFFB-3F32105AA67B}.Development Editor|Win64.ActiveCfg = Development|Any CPU
		{61FE437D-4DEC-30FB-AFFB-3F32105AA67B}.Development Editor|Win64.Build.0 = Development|Any CPU
		{61FE437D-4DEC-30FB-AFFB-3F32105AA67B}.Development|Win64.ActiveCfg = Development|Any CPU
		{61FE437D-4DEC-30FB-AFFB-3F32105AA67B}.Development|Win64.Build.0 = Development|Any CPU
		{61FE437D-4DEC-30FB-AFFB-3F32105AA67B}.Shipping|Win64.ActiveCfg = Development|Any CPU
		{61FE437D-4DEC-30FB-AFFB-3F32105AA67B}.Shipping|Win64.Build.0 = Development|Any CPU
		{5516CDD4-9866-31B2-9C91-BE55CF3B5886}.DebugGame Editor|Win64.ActiveCfg = Development|Any CPU
		{5516CDD4-9866-31B2-9C91-BE55CF3B5886}.DebugGame Editor|Win64.Build.0 = Development|Any CPU
		{5516CDD4-9866-31B2-9C91-BE55CF3B5886}.DebugGame|Win64.ActiveCfg = Development|Any CPU
		{5516CDD4-9866-31B2-9C91-BE55CF3B5886}.DebugGame|Win64.Build.0 = Development|Any CPU
		{5516CDD4-9866-31B2-9C91-BE55CF3B5886}.Development Editor|Win64.ActiveCfg = Development|Any CPU
		{5516CDD4-9866-31B2-9C91-BE55CF3B5886}.Development Editor|Win64.Build.0 = Development|Any CPU
		{5516CDD4-9866-31B2-9C91-BE55CF3B5886}.Development|Win64.ActiveCfg = Development|Any CPU
		{5516CDD4-9866-31B2-9C91-BE55CF3B5886}.Development|Win64.Build.0 = Development|Any CPU
		{5516CDD4-9866-31B2-9C91-BE55CF3B5886}.Shipping|Win64.ActiveCfg = Development|Any CPU
		{5516CDD4-9866-31B2-9C91-BE55CF3B5886}.Shipping|Win64.Build.0 = Development|Any CPU
		{EDBB15A2-4E03-3545-9E18-9098D947237C}.DebugGame Editor|Win64.ActiveCfg = Development|Any CPU
		{EDBB15A2-4E03-3545-9E18-9098D947237C}.DebugGame Editor|Win64.Build.0 = Development|Any CPU
		{EDBB15A2-4E03-3545-9E18-9098D947237C}.DebugGame|Win64.ActiveCfg = Development|Any CPU
		{EDBB15A2-4E03-3545-9E18-9098D947237C}.DebugGame|Win64.Build.0 = Development|Any CPU
		{EDBB15A2-4E03-3545-9E18-9098D947237C}.Development Editor|Win64.ActiveCfg = Development|Any CPU
		{EDBB15A2-4E03-3545-9E18-9098D947237C}.Development Editor|Win64.Build.0 = Development|Any CPU
		{EDBB15A2-4E03-3545-9E18-9098D947237C}.Development|Win64.ActiveCfg = Development|Any CPU
		{EDBB15A2-4E03-3545-9E18-9098D947237C}.Development|Win64.Build.0 = Development|Any CPU
		{EDBB15A2-4E03-3545-9E18-9098D947237C}.Shipping|Win64.ActiveCfg = Development|Any CPU
		{EDBB15A2-4E03-3545-9E18-9098D947237C}.Shipping|Win64.Build.0 = Development|Any CPU
		{6BD74DA2-6A5B-3338-9086-071D1FE1F184}.DebugGame Editor|Win64.ActiveCfg = Development|Any CPU
		{6BD74DA2-6A5B-3338-9086-071D1FE1F184}.DebugGame Editor|Win64.Build.0 = Development|Any CPU
		{6BD74DA2-6A5B-3338-9086-071D1FE1F184}.DebugGame|Win64.ActiveCfg = Development|Any CPU
		{6BD74DA2-6A5B-3338-9086-071D1FE1F184}.DebugGame|Win64.Build.0 = Development|Any CPU
		{6BD74DA2-6A5B-3338-9086-071D1FE1F184}.Development Editor|Win64.ActiveCfg = Development|Any CPU
		{6BD74DA2-6A5B-3338-9086-071D1FE1F184}.Development Editor|Win64.Build.0 = Development|Any CPU
		{6BD74DA2-6A5B-3338-9086-071D1FE1F184}.Development|Win64.ActiveCfg = Development|Any CPU
		{6BD74DA2-6A5B-3338-9086-071D1FE1F184}.Development|Win64.Build.0 = Development|Any CPU
		{6BD74DA2-6A5B-3338-9086-071D1FE1F184}.Shipping|Win64.ActiveCfg = Development|Any CPU
		{6BD74DA2-6A5B-3338-9086-071D1FE1F184}.Shipping|Win64.Build.0 = Development|Any CPU
		{6190424D-0D88-36DD-AB27-49D1CE653E81}.DebugGame Editor|Win64.ActiveCfg = Development|Any CPU
		{6190424D-0D88-36DD-AB27-49D1CE653E81}.DebugGame Editor|Win64.Build.0 = Development|Any CPU
		{6190424D-0D88-36DD-AB27-49D1CE653E81}.DebugGame|Win64.ActiveCfg = Development|Any CPU
		{6190424D-0D88-36DD-AB27-49D1CE653E81}.DebugGame|Win64.Build.0 = Development|Any CPU
		{6190424D-0D88-36DD-AB27-49D1CE653E81}.Development Editor|Win64.ActiveCfg = Development|Any CPU
		{6190424D-0D88-36DD-AB27-49D1CE653E81}.Development Editor|Win64.Build.0 = Development|Any CPU
		{6190424D-0D88-36DD-AB27-49D1CE653E81}.Development|Win64.ActiveCfg = Development|Any CPU
		{6190424D-0D88-36DD-AB27-49D1CE653E81}.Development|Win64.Build.0 = Development|Any CPU
		{6190424D-0D88-36DD-AB27-49D1CE653E81}.Shipping|Win64.ActiveCfg = Development|Any CPU
		{6190424D-0D88-36DD-AB27-49D1CE653E81}.Shipping|Win64.Build.0 = Development|Any CPU
		{F2CFBF96-D9BB-3FB6-8A2C-6FA25F3F5926}.DebugGame Editor|Win64.ActiveCfg = Development|Any CPU
		{F2CFBF96-D9BB-3FB6-8A2C-6FA25F3F5926}.DebugGame Editor|Win64.Build.0 = Development|Any CPU
		{F2CFBF96-D9BB-3FB6-8A2C-6FA25F3F5926}.DebugGame|Win64.ActiveCfg = Development|Any CPU
		{F2CFBF96-D9BB-3FB6-8A2C-6FA25F3F5926}.DebugGame|Win64.Build.0 = Development|Any CPU
		{F2CFBF96-D9BB-3FB6-8A2C-6FA25F3F5926}.Development Editor|Win64.ActiveCfg = Development|Any CPU
		{F2CFBF96-D9BB-3FB6-8A2C-6FA25F3F5926}.Development Editor|Win64.Build.0 = Development|Any CPU
		{F2CFBF96-D9BB-3FB6-8A2C-6FA25F3F5926}.Development|Win64.ActiveCfg = Development|Any CPU
		{F2CFBF96-D9BB-3FB6-8A2C-6FA25F3F5926}.Development|Win64.Build.0 = Development|Any CPU
		{F2CFBF96-D9BB-3FB6-8A2C-6FA25F3F5926}.Shipping|Win64.ActiveCfg = Development|Any CPU
		{F2CFBF96-D9BB-3FB6-8A2C-6FA25F3F5926}.Shipping|Win64.Build.0 = Development|Any CPU
		{859718C4-98FD-3735-8A3F-0D4E10584362}.DebugGame Editor|Win64.ActiveCfg = Development|Any CPU
		{859718C4-98FD-3735-8A3F-0D4E10584362}.DebugGame Editor|Win64.Build.0 = Development|Any CPU
		{859718C4-98FD-3735-8A3F-0D4E10584362}.DebugGame|Win64.ActiveCfg = Development|Any CPU
		{859718C4-98FD-3735-8A3F-0D4E10584362}.DebugGame|Win64.Build.0 = Development|Any CPU
		{859718C4-98FD-3735-8A3F-0D4E10584362}.Development Editor|Win64.ActiveCfg = Development|Any CPU
		{859718C4-98FD-3735-8A3F-0D4E10584362}.Development Editor|Win64.Build.0 = Development|Any CPU
		{859718C4-98FD-3735-8A3F-0D4E10584362}.Development|Win64.ActiveCfg = Development|Any CPU
		{859718C4-98FD-3735-8A3F-0D4E10584362}.Development|Win64.Build.0 = Development|Any CPU
		{859718C4-98FD-3735-8A3F-0D4E10584362}.Shipping|Win64.ActiveCfg = Development|Any CPU
		{859718C4-98FD-3735-8A3F-0D4E10584362}.Shipping|Win64.Build.0 = Development|Any CPU
		{1CEDA114-30BD-3D59-AEDB-AFAD10F849DA}.DebugGame Editor|Win64.ActiveCfg = Development|Any CPU
		{1CEDA114-30BD-3D59-AEDB-AFAD10F849DA}.DebugGame Editor|Win64.Build.0 = Development|Any CPU
		{1CEDA114-30BD-3D59-AEDB-AFAD10F849DA}.DebugGame|Win64.ActiveCfg = Development|Any CPU
		{1CEDA114-30BD-3D59-AEDB-AFAD10F849DA}.DebugGame|Win64.Build.0 = Development|Any CPU
		{1CEDA114-30BD-3D59-AEDB-AFAD10F849DA}.Development Editor|Win64.ActiveCfg = Development|Any CPU
		{1CEDA114-30BD-3D59-AEDB-AFAD10F849DA}.Development Editor|Win64.Build.0 = Development|Any CPU
		{1CEDA114-30BD-3D59-AEDB-AFAD10F849DA}.Development|Win64.ActiveCfg = Development|Any CPU
		{1CEDA114-30BD-3D59-AEDB-AFAD10F849DA}.Development|Win64.Build.0 = Development|Any CPU
		{1CEDA114-30BD-3D59-AEDB-AFAD10F849DA}.Shipping|Win64.ActiveCfg = Development|Any CPU
		{1CEDA114-30BD-3D59-AEDB-AFAD10F849DA}.Shipping|Win64.Build.0 = Development|Any CPU
		{9EBD4638-1AF4-3993-B0BD-8B6D34CC2A58}.DebugGame Editor|Win64.ActiveCfg = Development|Any CPU
		{9EBD4638-1AF4-3993-B0BD-8B6D34CC2A58}.DebugGame Editor|Win64.Build.0 = Development|Any CPU
		{9EBD4638-1AF4-3993-B0BD-8B6D34CC2A58}.DebugGame|Win64.ActiveCfg = Development|Any CPU
		{9EBD4638-1AF4-3993-B0BD-8B6D34CC2A58}.DebugGame|Win64.Build.0 = Development|Any CPU
		{9EBD4638-1AF4-3993-B0BD-8B6D34CC2A58}.Development Editor|Win64.ActiveCfg = Development|Any CPU
		{9EBD4638-1AF4-3993-B0BD-8B6D34CC2A58}.Development Editor|Win64.Build.0 = Development|Any CPU
		{9EBD4638-1AF4-3993-B0BD-8B6D34CC2A58}.Development|Win64.ActiveCfg = Development|Any CPU
		{9EBD4638-1AF4-3993-B0BD-8B6D34CC2A58}.Development|Win64.Build.0 = Development|Any CPU
		{9EBD4638-1AF4-3993-B0BD-8B6D34CC2A58}.Shipping|Win64.ActiveCfg = Development|Any CPU
		{9EBD4638-1AF4-3993-B0BD-8B6D34CC2A58}.Shipping|Win64.Build.0 = Development|Any CPU
		{D848A4AC-6816-360D-8B1D-2DEB728E62E9}.DebugGame Editor|Win64.ActiveCfg = Development|Any CPU
		{D848A4AC-6816-360D-8B1D-2DEB728E62E9}.DebugGame Editor|Win64.Build.0 = Development|Any CPU
		{D848A4AC-6816-360D-8B1D-2DEB728E62E9}.DebugGame|Win64.ActiveCfg = Development|Any CPU
		{D848A4AC-6816-360D-8B1D-2DEB728E62E9}.DebugGame|Win64.Build.0 = Development|Any CPU
		{D848A4AC-6816-360D-8B1D-2DEB728E62E9}.Development Editor|Win64.ActiveCfg = Development|Any CPU
		{D848A4AC-6816-360D-8B1D-2DEB728E62E9}.Development Editor|Win64.Build.0 = Development|Any CPU
		{D848A4AC-6816-360D-8B1D-2DEB728E62E9}.Development|Win64.ActiveCfg = Development|Any CPU
		{D848A4AC-6816-360D-8B1D-2DEB728E62E9}.Development|Win64.Build.0 = Development|Any CPU
		{D848A4AC-6816-360D-8B1D-2DEB728E62E9}.Shipping|Win64.ActiveCfg = Development|Any CPU
		{D848A4AC-6816-360D-8B1D-2DEB728E62E9}.Shipping|Win64.Build.0 = Development|Any CPU
		{BA536C7D-5929-3D8F-AF15-A7F398662C51}.DebugGame Editor|Win64.ActiveCfg = Development|Any CPU
		{BA536C7D-5929-3D8F-AF15-A7F398662C51}.DebugGame Editor|Win64.Build.0 = Development|Any CPU
		{BA536C7D-5929-3D8F-AF15-A7F398662C51}.DebugGame|Win64.ActiveCfg = Development|Any CPU
		{BA536C7D-5929-3D8F-AF15-A7F398662C51}.DebugGame|Win64.Build.0 = Development|Any CPU
		{BA536C7D-5929-3D8F-AF15-A7F398662C51}.Development Editor|Win64.ActiveCfg = Development|Any CPU
		{BA536C7D-5929-3D8F-AF15-A7F398662C51}.Development Editor|Win64.Build.0 = Development|Any CPU
		{BA536C7D-5929-3D8F-AF15-A7F398662C51}.Development|Win64.ActiveCfg = Development|Any CPU
		{BA536C7D-5929-3D8F-AF15-A7F398662C51}.Development|Win64.Build.0 = Development|Any CPU
		{BA536C7D-5929-3D8F-AF15-A7F398662C51}.Shipping|Win64.ActiveCfg = Development|Any CPU
		{BA536C7D-5929-3D8F-AF15-A7F398662C51}.Shipping|Win64.Build.0 = Development|Any CPU
		{01F24246-DA8C-33C8-ABDE-588CEEF118BA}.DebugGame Editor|Win64.ActiveCfg = Development|Any CPU
		{01F24246-DA8C-33C8-ABDE-588CEEF118BA}.DebugGame Editor|Win64.Build.0 = Development|Any CPU
		{01F24246-DA8C-33C8-ABDE-588CEEF118BA}.DebugGame|Win64.ActiveCfg = Development|Any CPU
		{01F24246-DA8C-33C8-ABDE-588CEEF118BA}.DebugGame|Win64.Build.0 = Development|Any CPU
		{01F24246-DA8C-33C8-ABDE-588CEEF118BA}.Development Editor|Win64.ActiveCfg = Development|Any CPU
		{01F24246-DA8C-33C8-ABDE-588CEEF118BA}.Development Editor|Win64.Build.0 = Development|Any CPU
		{01F24246-DA8C-33C8-ABDE-588CEEF118BA}.Development|Win64.ActiveCfg = Development|Any CPU
		{01F24246-DA8C-33C8-ABDE-588CEEF118BA}.Development|Win64.Build.0 = Development|Any CPU
		{01F24246-DA8C-33C8-ABDE-588CEEF118BA}.Shipping|Win64.ActiveCfg = Development|Any CPU
		{01F24246-DA8C-33C8-ABDE-588CEEF118BA}.Shipping|Win64.Build.0 = Development|Any CPU
		{D57FAE98-7885-370A-B0A6-5C4E9B4E2C15}.DebugGame Editor|Win64.ActiveCfg = Development|Any CPU
		{D57FAE98-7885-370A-B0A6-5C4E9B4E2C15}.DebugGame Editor|Win64.Build.0 = Development|Any CPU
		{D57FAE98-7885-370A-B0A6-5C4E9B4E2C15}.DebugGame|Win64.ActiveCfg = Development|Any CPU
		{D57FAE98-7885-370A-B0A6-5C4E9B4E2C15}.DebugGame|Win64.Build.0 = Development|Any CPU
		{D57FAE98-7885-370A-B0A6-5C4E9B4E2C15}.Development Editor|Win64.ActiveCfg = Development|Any CPU
		{D57FAE98-7885-370A-B0A6-5C4E9B4E2C15}.Development Editor|Win64.Build.0 = Development|Any CPU
		{D57FAE98-7885-370A-B0A6-5C4E9B4E2C15}.Development|Win64.ActiveCfg = Development|Any CPU
		{D57FAE98-7885-370A-B0A6-5C4E9B4E2C15}.Development|Win64.Build.0 = Development|Any CPU
		{D57FAE98-7885-370A-B0A6-5C4E9B4E2C15}.Shipping|Win64.ActiveCfg = Development|Any CPU
		{D57FAE98-7885-370A-B0A6-5C4E9B4E2C15}.Shipping|Win64.Build.0 = Development|Any CPU
		{06C9EB94-2718-3D06-BB7C-434A281EBE72}.DebugGame Editor|Win64.ActiveCfg = Development|Any CPU
		{06C9EB94-2718-3D06-BB7C-434A281EBE72}.DebugGame Editor|Win64.Build.0 = Development|Any CPU
		{06C9EB94-2718-3D06-BB7C-434A281EBE72}.DebugGame|Win64.ActiveCfg = Development|Any CPU
		{06C9EB94-2718-3D06-BB7C-434A281EBE72}.DebugGame|Win64.Build.0 = Development|Any CPU
		{06C9EB94-2718-3D06-BB7C-434A281EBE72}.Development Editor|Win64.ActiveCfg = Development|Any CPU
		{06C9EB94-2718-3D06-BB7C-434A281EBE72}.Development Editor|Win64.Build.0 = Development|Any CPU
		{06C9EB94-2718-3D06-BB7C-434A281EBE72}.Development|Win64.ActiveCfg = Development|Any CPU
		{06C9EB94-2718-3D06-BB7C-434A281EBE72}.Development|Win64.Build.0 = Development|Any CPU
		{06C9EB94-2718-3D06-BB7C-434A281EBE72}.Shipping|Win64.ActiveCfg = Development|Any CPU
		{06C9EB94-2718-3D06-BB7C-434A281EBE72}.Shipping|Win64.Build.0 = Development|Any CPU
		{19AA7661-B119-35E0-819D-BC462203D2E5}.DebugGame Editor|Win64.ActiveCfg = Development|Any CPU
		{19AA7661-B119-35E0-819D-BC462203D2E5}.DebugGame Editor|Win64.Build.0 = Development|Any CPU
		{19AA7661-B119-35E0-819D-BC462203D2E5}.DebugGame|Win64.ActiveCfg = Development|Any CPU
		{19AA7661-B119-35E0-819D-BC462203D2E5}.DebugGame|Win64.Build.0 = Development|Any CPU
		{19AA7661-B119-35E0-819D-BC462203D2E5}.Development Editor|Win64.ActiveCfg = Development|Any CPU
		{19AA7661-B119-35E0-819D-BC462203D2E5}.Development Editor|Win64.Build.0 = Development|Any CPU
		{19AA7661-B119-35E0-819D-BC462203D2E5}.Development|Win64.ActiveCfg = Development|Any CPU
		{19AA7661-B119-35E0-819D-BC462203D2E5}.Development|Win64.Build.0 = Development|Any CPU
		{19AA7661-B119-35E0-819D-BC462203D2E5}.Shipping|Win64.ActiveCfg = Development|Any CPU
		{19AA7661-B119-35E0-819D-BC462203D2E5}.Shipping|Win64.Build.0 = Development|Any CPU
		{5981BE6D-AFDC-39F7-8088-114C7833588D}.DebugGame Editor|Win64.ActiveCfg = Development|Any CPU
		{5981BE6D-AFDC-39F7-8088-114C7833588D}.DebugGame Editor|Win64.Build.0 = Development|Any CPU
		{5981BE6D-AFDC-39F7-8088-114C7833588D}.DebugGame|Win64.ActiveCfg = Development|Any CPU
		{5981BE6D-AFDC-39F7-8088-114C7833588D}.DebugGame|Win64.Build.0 = Development|Any CPU
		{5981BE6D-AFDC-39F7-8088-114C7833588D}.Development Editor|Win64.ActiveCfg = Development|Any CPU
		{5981BE6D-AFDC-39F7-8088-114C7833588D}.Development Editor|Win64.Build.0 = Development|Any CPU
		{5981BE6D-AFDC-39F7-8088-114C7833588D}.Development|Win64.ActiveCfg = Development|Any CPU
		{5981BE6D-AFDC-39F7-8088-114C7833588D}.Development|Win64.Build.0 = Development|Any CPU
		{5981BE6D-AFDC-39F7-8088-114C7833588D}.Shipping|Win64.ActiveCfg = Development|Any CPU
		{5981BE6D-AFDC-39F7-8088-114C7833588D}.Shipping|Win64.Build.0 = Development|Any CPU
		{5D76FA24-244C-3665-B84D-1FBA94968906}.DebugGame Editor|Win64.ActiveCfg = Development|Any CPU
		{5D76FA24-244C-3665-B84D-1FBA94968906}.DebugGame Editor|Win64.Build.0 = Development|Any CPU
		{5D76FA24-244C-3665-B84D-1FBA94968906}.DebugGame|Win64.ActiveCfg = Development|Any CPU
		{5D76FA24-244C-3665-B84D-1FBA94968906}.DebugGame|Win64.Build.0 = Development|Any CPU
		{5D76FA24-244C-3665-B84D-1FBA94968906}.Development Editor|Win64.ActiveCfg = Development|Any CPU
		{5D76FA24-244C-3665-B84D-1FBA94968906}.Development Editor|Win64.Build.0 = Development|Any CPU
		{5D76FA24-244C-3665-B84D-1FBA94968906}.Development|Win64.ActiveCfg = Development|Any CPU
		{5D76FA24-244C-3665-B84D-1FBA94968906}.Development|Win64.Build.0 = Development|Any CPU
		{5D76FA24-244C-3665-B84D-1FBA94968906}.Shipping|Win64.ActiveCfg = Development|Any CPU
		{5D76FA24-244C-3665-B84D-1FBA94968906}.Shipping|Win64.Build.0 = Development|Any CPU
		{0BA07BFC-003B-3CB5-B9A8-25211906EA90}.DebugGame Editor|Win64.ActiveCfg = Development|Any CPU
		{0BA07BFC-003B-3CB5-B9A8-25211906EA90}.DebugGame Editor|Win64.Build.0 = Development|Any CPU
		{0BA07BFC-003B-3CB5-B9A8-25211906EA90}.DebugGame|Win64.ActiveCfg = Development|Any CPU
		{0BA07BFC-003B-3CB5-B9A8-25211906EA90}.DebugGame|Win64.Build.0 = Development|Any CPU
		{0BA07BFC-003B-3CB5-B9A8-25211906EA90}.Development Editor|Win64.ActiveCfg = Development|Any CPU
		{0BA07BFC-003B-3CB5-B9A8-25211906EA90}.Development Editor|Win64.Build.0 = Development|Any CPU
		{0BA07BFC-003B-3CB5-B9A8-25211906EA90}.Development|Win64.ActiveCfg = Development|Any CPU
		{0BA07BFC-003B-3CB5-B9A8-25211906EA90}.Development|Win64.Build.0 = Development|Any CPU
		{0BA07BFC-003B-3CB5-B9A8-25211906EA90}.Shipping|Win64.ActiveCfg = Development|Any CPU
		{0BA07BFC-003B-3CB5-B9A8-25211906EA90}.Shipping|Win64.Build.0 = Development|Any CPU
		{71DE8D20-F557-34ED-BB53-CF8BEB6F127B}.DebugGame Editor|Win64.ActiveCfg = Development|Any CPU
		{71DE8D20-F557-34ED-BB53-CF8BEB6F127B}.DebugGame Editor|Win64.Build.0 = Development|Any CPU
		{71DE8D20-F557-34ED-BB53-CF8BEB6F127B}.DebugGame|Win64.ActiveCfg = Development|Any CPU
		{71DE8D20-F557-34ED-BB53-CF8BEB6F127B}.DebugGame|Win64.Build.0 = Development|Any CPU
		{71DE8D20-F557-34ED-BB53-CF8BEB6F127B}.Development Editor|Win64.ActiveCfg = Development|Any CPU
		{71DE8D20-F557-34ED-BB53-CF8BEB6F127B}.Development Editor|Win64.Build.0 = Development|Any CPU
		{71DE8D20-F557-34ED-BB53-CF8BEB6F127B}.Development|Win64.ActiveCfg = Development|Any CPU
		{71DE8D20-F557-34ED-BB53-CF8BEB6F127B}.Development|Win64.Build.0 = Development|Any CPU
		{71DE8D20-F557-34ED-BB53-CF8BEB6F127B}.Shipping|Win64.ActiveCfg = Development|Any CPU
		{71DE8D20-F557-34ED-BB53-CF8BEB6F127B}.Shipping|Win64.Build.0 = Development|Any CPU
		{A2B014F0-E009-3601-8ADC-71A305CCF84A}.DebugGame Editor|Win64.ActiveCfg = Development|Any CPU
		{A2B014F0-E009-3601-8ADC-71A305CCF84A}.DebugGame Editor|Win64.Build.0 = Development|Any CPU
		{A2B014F0-E009-3601-8ADC-71A305CCF84A}.DebugGame|Win64.ActiveCfg = Development|Any CPU
		{A2B014F0-E009-3601-8ADC-71A305CCF84A}.DebugGame|Win64.Build.0 = Development|Any CPU
		{A2B014F0-E009-3601-8ADC-71A305CCF84A}.Development Editor|Win64.ActiveCfg = Development|Any CPU
		{A2B014F0-E009-3601-8ADC-71A305CCF84A}.Development Editor|Win64.Build.0 = Development|Any CPU
		{A2B014F0-E009-3601-8ADC-71A305CCF84A}.Development|Win64.ActiveCfg = Development|Any CPU
		{A2B014F0-E009-3601-8ADC-71A305CCF84A}.Development|Win64.Build.0 = Development|Any CPU
		{A2B014F0-E009-3601-8ADC-71A305CCF84A}.Shipping|Win64.ActiveCfg = Development|Any CPU
		{A2B014F0-E009-3601-8ADC-71A305CCF84A}.Shipping|Win64.Build.0 = Development|Any CPU
		{7CDE3069-72D6-33BA-B5DE-609B88A504AF}.DebugGame Editor|Win64.ActiveCfg = Development|Any CPU
		{7CDE3069-72D6-33BA-B5DE-609B88A504AF}.DebugGame Editor|Win64.Build.0 = Development|Any CPU
		{7CDE3069-72D6-33BA-B5DE-609B88A504AF}.DebugGame|Win64.ActiveCfg = Development|Any CPU
		{7CDE3069-72D6-33BA-B5DE-609B88A504AF}.DebugGame|Win64.Build.0 = Development|Any CPU
		{7CDE3069-72D6-33BA-B5DE-609B88A504AF}.Development Editor|Win64.ActiveCfg = Development|Any CPU
		{7CDE3069-72D6-33BA-B5DE-609B88A504AF}.Development Editor|Win64.Build.0 = Development|Any CPU
		{7CDE3069-72D6-33BA-B5DE-609B88A504AF}.Development|Win64.ActiveCfg = Development|Any CPU
		{7CDE3069-72D6-33BA-B5DE-609B88A504AF}.Development|Win64.Build.0 = Development|Any CPU
		{7CDE3069-72D6-33BA-B5DE-609B88A504AF}.Shipping|Win64.ActiveCfg = Development|Any CPU
		{7CDE3069-72D6-33BA-B5DE-609B88A504AF}.Shipping|Win64.Build.0 = Development|Any CPU
		{D6FF3C55-CA02-3F1C-9112-072D7DC288B9}.DebugGame Editor|Win64.ActiveCfg = Development|Any CPU
		{D6FF3C55-CA02-3F1C-9112-072D7DC288B9}.DebugGame Editor|Win64.Build.0 = Development|Any CPU
		{D6FF3C55-CA02-3F1C-9112-072D7DC288B9}.DebugGame|Win64.ActiveCfg = Development|Any CPU
		{D6FF3C55-CA02-3F1C-9112-072D7DC288B9}.DebugGame|Win64.Build.0 = Development|Any CPU
		{D6FF3C55-CA02-3F1C-9112-072D7DC288B9}.Development Editor|Win64.ActiveCfg = Development|Any CPU
		{D6FF3C55-CA02-3F1C-9112-072D7DC288B9}.Development Editor|Win64.Build.0 = Development|Any CPU
		{D6FF3C55-CA02-3F1C-9112-072D7DC288B9}.Development|Win64.ActiveCfg = Development|Any CPU
		{D6FF3C55-CA02-3F1C-9112-072D7DC288B9}.Development|Win64.Build.0 = Development|Any CPU
		{D6FF3C55-CA02-3F1C-9112-072D7DC288B9}.Shipping|Win64.ActiveCfg = Development|Any CPU
		{D6FF3C55-CA02-3F1C-9112-072D7DC288B9}.Shipping|Win64.Build.0 = Development|Any CPU
		{E5F3E7B6-34D8-3FB5-A7DB-95DDD8E2AA82}.DebugGame Editor|Win64.ActiveCfg = Development|Any CPU
		{E5F3E7B6-34D8-3FB5-A7DB-95DDD8E2AA82}.DebugGame Editor|Win64.Build.0 = Development|Any CPU
		{E5F3E7B6-34D8-3FB5-A7DB-95DDD8E2AA82}.DebugGame|Win64.ActiveCfg = Development|Any CPU
		{E5F3E7B6-34D8-3FB5-A7DB-95DDD8E2AA82}.DebugGame|Win64.Build.0 = Development|Any CPU
		{E5F3E7B6-34D8-3FB5-A7DB-95DDD8E2AA82}.Development Editor|Win64.ActiveCfg = Development|Any CPU
		{E5F3E7B6-34D8-3FB5-A7DB-95DDD8E2AA82}.Development Editor|Win64.Build.0 = Development|Any CPU
		{E5F3E7B6-34D8-3FB5-A7DB-95DDD8E2AA82}.Development|Win64.ActiveCfg = Development|Any CPU
		{E5F3E7B6-34D8-3FB5-A7DB-95DDD8E2AA82}.Development|Win64.Build.0 = Development|Any CPU
		{E5F3E7B6-34D8-3FB5-A7DB-95DDD8E2AA82}.Shipping|Win64.ActiveCfg = Development|Any CPU
		{E5F3E7B6-34D8-3FB5-A7DB-95DDD8E2AA82}.Shipping|Win64.Build.0 = Development|Any CPU
		{8D2DFE23-7AE4-382E-977A-F586F68F9E7C}.DebugGame Editor|Win64.ActiveCfg = Development|Any CPU
		{8D2DFE23-7AE4-382E-977A-F586F68F9E7C}.DebugGame Editor|Win64.Build.0 = Development|Any CPU
		{8D2DFE23-7AE4-382E-977A-F586F68F9E7C}.DebugGame|Win64.ActiveCfg = Development|Any CPU
		{8D2DFE23-7AE4-382E-977A-F586F68F9E7C}.DebugGame|Win64.Build.0 = Development|Any CPU
		{8D2DFE23-7AE4-382E-977A-F586F68F9E7C}.Development Editor|Win64.ActiveCfg = Development|Any CPU
		{8D2DFE23-7AE4-382E-977A-F586F68F9E7C}.Development Editor|Win64.Build.0 = Development|Any CPU
		{8D2DFE23-7AE4-382E-977A-F586F68F9E7C}.Development|Win64.ActiveCfg = Development|Any CPU
		{8D2DFE23-7AE4-382E-977A-F586F68F9E7C}.Development|Win64.Build.0 = Development|Any CPU
		{8D2DFE23-7AE4-382E-977A-F586F68F9E7C}.Shipping|Win64.ActiveCfg = Development|Any CPU
		{8D2DFE23-7AE4-382E-977A-F586F68F9E7C}.Shipping|Win64.Build.0 = Development|Any CPU
	EndGlobalSection
	GlobalSection(SolutionProperties) = preSolution
		HideSolutionNode = FALSE
	EndGlobalSection
	GlobalSection(NestedProjects) = preSolution
		{0FEA6124-598D-3CD3-9722-142DAA538A17} = {233774A8-CC9D-3FA9-86D1-90573E92B704}
		{24BEE783-5FFB-3D03-8DB9-69B2D44AC5E5} = {DE1F8B53-6C02-3C13-9101-A7C8D96F3FF6}
		{50F2D15E-3B1A-30D2-BEFB-419B11C4C02F} = {A338B9E2-A559-34BE-A46D-F789DD488FAD}
		{32C60034-2EB6-3DDE-A2E6-43FC8B21E63C} = {A338B9E2-A559-34BE-A46D-F789DD488FAD}
		{0BFBE63A-B98A-3411-8EEB-8918FEC737B3} = {A338B9E2-A559-34BE-A46D-F789DD488FAD}
		{7B5CFB44-F0FB-31DF-AE62-C3C096A29A7B} = {A338B9E2-A559-34BE-A46D-F789DD488FAD}
		{57713676-9DBE-331C-AD10-26632AC9EE0C} = {A338B9E2-A559-34BE-A46D-F789DD488FAD}
		{9D96057D-24FA-3293-8047-B5B1E018E8C0} = {0BFBE63A-B98A-3411-8EEB-8918FEC737B3}
		{E76B1AF2-A797-394A-B3F6-BAC7DD4A6D90} = {0BFBE63A-B98A-3411-8EEB-8918FEC737B3}
		{69673551-BEF3-3E0B-BC1D-15FA1AD4B917} = {0BFBE63A-B98A-3411-8EEB-8918FEC737B3}
		{96485537-C99F-397D-A3CD-075645CDA457} = {0BFBE63A-B98A-3411-8EEB-8918FEC737B3}
		{180F1A9D-6A23-3549-B8BB-9EE4406FE264} = {0BFBE63A-B98A-3411-8EEB-8918FEC737B3}
		{EEDAF02E-D977-3B68-A3F9-5726F0A32E82} = {0BFBE63A-B98A-3411-8EEB-8918FEC737B3}
		{86AC0637-1126-363E-9632-60F4333D4436} = {0BFBE63A-B98A-3411-8EEB-8918FEC737B3}
		{9FC762A8-44FE-3802-A35C-8B4C986C0FFB} = {0BFBE63A-B98A-3411-8EEB-8918FEC737B3}
		{623E69D2-B368-3435-80FD-27074487677B} = {0BFBE63A-B98A-3411-8EEB-8918FEC737B3}
		{511079E9-6985-390B-BE1A-30094055A117} = {0BFBE63A-B98A-3411-8EEB-8918FEC737B3}
		{E9CA85D5-C54F-30C7-B0F4-278254A69AE4} = {0BFBE63A-B98A-3411-8EEB-8918FEC737B3}
		{98EEF26A-73C9-3AFD-92DE-EADDD775E349} = {0BFBE63A-B98A-3411-8EEB-8918FEC737B3}
		{5177BCFB-200F-3373-85B0-69AEBC051684} = {0BFBE63A-B98A-3411-8EEB-8918FEC737B3}
		{BE0A287B-E6EA-3C90-B83C-6D1F1B236B7C} = {0BFBE63A-B98A-3411-8EEB-8918FEC737B3}
		{141329B1-4C46-325B-AF76-C90CEF9B15E0} = {0BFBE63A-B98A-3411-8EEB-8918FEC737B3}
		{438B26DA-44B3-319A-9A4B-BB3CF831F8F4} = {0BFBE63A-B98A-3411-8EEB-8918FEC737B3}
		{FA279700-A200-352A-92B9-EB56601EECA9} = {0BFBE63A-B98A-3411-8EEB-8918FEC737B3}
		{001E78EC-C645-3743-B577-D373FF196D12} = {0BFBE63A-B98A-3411-8EEB-8918FEC737B3}
		{3936E2D7-3B09-3929-A1A6-6C8C689144AD} = {0BFBE63A-B98A-3411-8EEB-8918FEC737B3}
		{F1A3A8BC-D5FC-3A77-9753-56E3216DB585} = {0BFBE63A-B98A-3411-8EEB-8918FEC737B3}
		{51668A72-0D88-30AE-ADCD-F449962120CC} = {7B5CFB44-F0FB-31DF-AE62-C3C096A29A7B}
		{61FE437D-4DEC-30FB-AFFB-3F32105AA67B} = {57713676-9DBE-331C-AD10-26632AC9EE0C}
		{5516CDD4-9866-31B2-9C91-BE55CF3B5886} = {57713676-9DBE-331C-AD10-26632AC9EE0C}
		{EDBB15A2-4E03-3545-9E18-9098D947237C} = {57713676-9DBE-331C-AD10-26632AC9EE0C}
		{6BD74DA2-6A5B-3338-9086-071D1FE1F184} = {57713676-9DBE-331C-AD10-26632AC9EE0C}
		{6190424D-0D88-36DD-AB27-49D1CE653E81} = {57713676-9DBE-331C-AD10-26632AC9EE0C}
		{F2CFBF96-D9BB-3FB6-8A2C-6FA25F3F5926} = {57713676-9DBE-331C-AD10-26632AC9EE0C}
		{859718C4-98FD-3735-8A3F-0D4E10584362} = {57713676-9DBE-331C-AD10-26632AC9EE0C}
		{1CEDA114-30BD-3D59-AEDB-AFAD10F849DA} = {57713676-9DBE-331C-AD10-26632AC9EE0C}
		{9EBD4638-1AF4-3993-B0BD-8B6D34CC2A58} = {57713676-9DBE-331C-AD10-26632AC9EE0C}
		{D848A4AC-6816-360D-8B1D-2DEB728E62E9} = {57713676-9DBE-331C-AD10-26632AC9EE0C}
		{BA536C7D-5929-3D8F-AF15-A7F398662C51} = {57713676-9DBE-331C-AD10-26632AC9EE0C}
		{01F24246-DA8C-33C8-ABDE-588CEEF118BA} = {57713676-9DBE-331C-AD10-26632AC9EE0C}
		{D57FAE98-7885-370A-B0A6-5C4E9B4E2C15} = {57713676-9DBE-331C-AD10-26632AC9EE0C}
		{06C9EB94-2718-3D06-BB7C-434A281EBE72} = {57713676-9DBE-331C-AD10-26632AC9EE0C}
		{19AA7661-B119-35E0-819D-BC462203D2E5} = {57713676-9DBE-331C-AD10-26632AC9EE0C}
		{5981BE6D-AFDC-39F7-8088-114C7833588D} = {57713676-9DBE-331C-AD10-26632AC9EE0C}
		{5D76FA24-244C-3665-B84D-1FBA94968906} = {57713676-9DBE-331C-AD10-26632AC9EE0C}
		{0BA07BFC-003B-3CB5-B9A8-25211906EA90} = {57713676-9DBE-331C-AD10-26632AC9EE0C}
		{71DE8D20-F557-34ED-BB53-CF8BEB6F127B} = {57713676-9DBE-331C-AD10-26632AC9EE0C}
		{A2B014F0-E009-3601-8ADC-71A305CCF84A} = {57713676-9DBE-331C-AD10-26632AC9EE0C}
		{7CDE3069-72D6-33BA-B5DE-609B88A504AF} = {C2F57ECE-B26F-39D8-BDA7-C1D40BD8F180}
		{D6FF3C55-CA02-3F1C-9112-072D7DC288B9} = {C2F57ECE-B26F-39D8-BDA7-C1D40BD8F180}
		{E5F3E7B6-34D8-3FB5-A7DB-95DDD8E2AA82} = {C2F57ECE-B26F-39D8-BDA7-C1D40BD8F180}
		{8D2DFE23-7AE4-382E-977A-F586F68F9E7C} = {C2F57ECE-B26F-39D8-BDA7-C1D40BD8F180}
	EndGlobalSection
EndGlobal
